// !$*UTF8*$!
{
	archiveVersion = 1;
	classes = {
	};
	objectVersion = 46;
	objects = {

/* Begin PBXBuildFile section */
		7EA531AB1F13CA390087257A /* main.m in Sources */ = {isa = PBXBuildFile; fileRef = 7EA531AA1F13CA390087257A /* main.m */; };
		7EA531AE1F13CA390087257A /* AppDelegate.m in Sources */ = {isa = PBXBuildFile; fileRef = 7EA531AD1F13CA390087257A /* AppDelegate.m */; };
		7EA531B11F13CA390087257A /* ViewController.m in Sources */ = {isa = PBXBuildFile; fileRef = 7EA531B01F13CA390087257A /* ViewController.m */; };
		7EA531B41F13CA390087257A /* Main.storyboard in Resources */ = {isa = PBXBuildFile; fileRef = 7EA531B21F13CA390087257A /* Main.storyboard */; };
		7EA531B61F13CA390087257A /* Assets.xcassets in Resources */ = {isa = PBXBuildFile; fileRef = 7EA531B51F13CA390087257A /* Assets.xcassets */; };
		7EA531B91F13CA390087257A /* LaunchScreen.storyboard in Resources */ = {isa = PBXBuildFile; fileRef = 7EA531B71F13CA390087257A /* LaunchScreen.storyboard */; };
		7EA531C21F13CB8D0087257A /* robot2.jpg in Resources */ = {isa = PBXBuildFile; fileRef = 7EA531C01F13CB8D0087257A /* robot2.jpg */; };
		7EA531C31F13CB8D0087257A /* robot3.jpg in Resources */ = {isa = PBXBuildFile; fileRef = 7EA531C11F13CB8D0087257A /* robot3.jpg */; };
		7EA531C61F13D18F0087257A /* ViewControllerPart2.m in Sources */ = {isa = PBXBuildFile; fileRef = 7EA531C51F13D18F0087257A /* ViewControllerPart2.m */; };
		7EA531C81F1401BB0087257A /* robot1.jpg in Resources */ = {isa = PBXBuildFile; fileRef = 7EA531C71F1401BB0087257A /* robot1.jpg */; };
/* End PBXBuildFile section */

/* Begin PBXFileReference section */
		7EA531A61F13CA390087257A /* ScrollView Image Galleries.app */ = {isa = PBXFileReference; explicitFileType = wrapper.application; includeInIndex = 0; path = "ScrollView Image Galleries.app"; sourceTree = BUILT_PRODUCTS_DIR; };
		7EA531AA1F13CA390087257A /* main.m */ = {isa = PBXFileReference; lastKnownFileType = sourcecode.c.objc; path = main.m; sourceTree = "<group>"; };
		7EA531AC1F13CA390087257A /* AppDelegate.h */ = {isa = PBXFileReference; lastKnownFileType = sourcecode.c.h; path = AppDelegate.h; sourceTree = "<group>"; };
		7EA531AD1F13CA390087257A /* AppDelegate.m */ = {isa = PBXFileReference; lastKnownFileType = sourcecode.c.objc; path = AppDelegate.m; sourceTree = "<group>"; };
		7EA531AF1F13CA390087257A /* ViewController.h */ = {isa = PBXFileReference; lastKnownFileType = sourcecode.c.h; path = ViewController.h; sourceTree = "<group>"; };
		7EA531B01F13CA390087257A /* ViewController.m */ = {isa = PBXFileReference; lastKnownFileType = sourcecode.c.objc; path = ViewController.m; sourceTree = "<group>"; };
		7EA531B31F13CA390087257A /* Base */ = {isa = PBXFileReference; lastKnownFileType = file.storyboard; name = Base; path = Base.lproj/Main.storyboard; sourceTree = "<group>"; };
		7EA531B51F13CA390087257A /* Assets.xcassets */ = {isa = PBXFileReference; lastKnownFileType = folder.assetcatalog; path = Assets.xcassets; sourceTree = "<group>"; };
		7EA531B81F13CA390087257A /* Base */ = {isa = PBXFileReference; lastKnownFileType = file.storyboard; name = Base; path = Base.lproj/LaunchScreen.storyboard; sourceTree = "<group>"; };
		7EA531BA1F13CA390087257A /* Info.plist */ = {isa = PBXFileReference; lastKnownFileType = text.plist.xml; path = Info.plist; sourceTree = "<group>"; };
		7EA531C01F13CB8D0087257A /* robot2.jpg */ = {isa = PBXFileReference; lastKnownFileType = image.jpeg; name = robot2.jpg; path = ../../../robot2.jpg; sourceTree = "<group>"; };
		7EA531C11F13CB8D0087257A /* robot3.jpg */ = {isa = PBXFileReference; lastKnownFileType = image.jpeg; name = robot3.jpg; path = ../../../robot3.jpg; sourceTree = "<group>"; };
		7EA531C41F13D18F0087257A /* ViewControllerPart2.h */ = {isa = PBXFileReference; fileEncoding = 4; lastKnownFileType = sourcecode.c.h; path = ViewControllerPart2.h; sourceTree = "<group>"; };
		7EA531C51F13D18F0087257A /* ViewControllerPart2.m */ = {isa = PBXFileReference; fileEncoding = 4; lastKnownFileType = sourcecode.c.objc; path = ViewControllerPart2.m; sourceTree = "<group>"; };
		7EA531C71F1401BB0087257A /* robot1.jpg */ = {isa = PBXFileReference; lastKnownFileType = image.jpeg; name = robot1.jpg; path = ../../../robot1.jpg; sourceTree = "<group>"; };
/* End PBXFileReference section */

/* Begin PBXFrameworksBuildPhase section */
		7EA531A31F13CA390087257A /* Frameworks */ = {
			isa = PBXFrameworksBuildPhase;
			buildActionMask = 2147483647;
			files = (
			);
			runOnlyForDeploymentPostprocessing = 0;
		};
/* End PBXFrameworksBuildPhase section */

/* Begin PBXGroup section */
		7EA5319D1F13CA390087257A = {
			isa = PBXGroup;
			children = (
				7EA531A81F13CA390087257A /* ScrollView Image Galleries */,
				7EA531A71F13CA390087257A /* Products */,
			);
			sourceTree = "<group>";
		};
		7EA531A71F13CA390087257A /* Products */ = {
			isa = PBXGroup;
			children = (
				7EA531A61F13CA390087257A /* ScrollView Image Galleries.app */,
			);
			name = Products;
			sourceTree = "<group>";
		};
		7EA531A81F13CA390087257A /* ScrollView Image Galleries */ = {
			isa = PBXGroup;
			children = (
				7EA531AF1F13CA390087257A /* ViewController.h */,
				7EA531B01F13CA390087257A /* ViewController.m */,
				7EA531C41F13D18F0087257A /* ViewControllerPart2.h */,
				7EA531C51F13D18F0087257A /* ViewControllerPart2.m */,
				7EA531C71F1401BB0087257A /* robot1.jpg */,
				7EA531C01F13CB8D0087257A /* robot2.jpg */,
				7EA531C11F13CB8D0087257A /* robot3.jpg */,
				7EA531B21F13CA390087257A /* Main.storyboard */,
				7EA531A91F13CA390087257A /* Supporting Files */,
			);
			path = "ScrollView Image Galleries";
			sourceTree = "<group>";
		};
		7EA531A91F13CA390087257A /* Supporting Files */ = {
			isa = PBXGroup;
			children = (
				7EA531AC1F13CA390087257A /* AppDelegate.h */,
				7EA531AD1F13CA390087257A /* AppDelegate.m */,
				7EA531B51F13CA390087257A /* Assets.xcassets */,
				7EA531B71F13CA390087257A /* LaunchScreen.storyboard */,
				7EA531BA1F13CA390087257A /* Info.plist */,
				7EA531AA1F13CA390087257A /* main.m */,
			);
			name = "Supporting Files";
			sourceTree = "<group>";
		};
/* End PBXGroup section */

/* Begin PBXNativeTarget section */
		7EA531A51F13CA390087257A /* ScrollView Image Galleries */ = {
			isa = PBXNativeTarget;
			buildConfigurationList = 7EA531BD1F13CA390087257A /* Build configuration list for PBXNativeTarget "ScrollView Image Galleries" */;
			buildPhases = (
				7EA531A21F13CA390087257A /* Sources */,
				7EA531A31F13CA390087257A /* Frameworks */,
				7EA531A41F13CA390087257A /* Resources */,
			);
			buildRules = (
			);
			dependencies = (
			);
			name = "ScrollView Image Galleries";
			productName = "ScrollView Image Galleries";
			productReference = 7EA531A61F13CA390087257A /* ScrollView Image Galleries.app */;
			productType = "com.apple.product-type.application";
		};
/* End PBXNativeTarget section */

/* Begin PBXProject section */
		7EA5319E1F13CA390087257A /* Project object */ = {
			isa = PBXProject;
			attributes = {
				LastUpgradeCheck = 0810;
				ORGANIZATIONNAME = "Thiago Hissa";
				TargetAttributes = {
					7EA531A51F13CA390087257A = {
						CreatedOnToolsVersion = 8.1;
						ProvisioningStyle = Automatic;
					};
				};
			};
			buildConfigurationList = 7EA531A11F13CA390087257A /* Build configuration list for PBXProject "ScrollView Image Galleries" */;
			compatibilityVersion = "Xcode 3.2";
			developmentRegion = English;
			hasScannedForEncodings = 0;
			knownRegions = (
				en,
				Base,
			);
			mainGroup = 7EA5319D1F13CA390087257A;
			productRefGroup = 7EA531A71F13CA390087257A /* Products */;
			projectDirPath = "";
			projectRoot = "";
			targets = (
				7EA531A51F13CA390087257A /* ScrollView Image Galleries */,
			);
		};
/* End PBXProject section */

/* Begin PBXResourcesBuildPhase section */
		7EA531A41F13CA390087257A /* Resources */ = {
			isa = PBXResourcesBuildPhase;
			buildActionMask = 2147483647;
			files = (
				7EA531C81F1401BB0087257A /* robot1.jpg in Resources */,
				7EA531B91F13CA390087257A /* LaunchScreen.storyboard in Resources */,
				7EA531C31F13CB8D0087257A /* robot3.jpg in Resources */,
				7EA531C21F13CB8D0087257A /* robot2.jpg in Resources */,
				7EA531B61F13CA390087257A /* Assets.xcassets in Resources */,
				7EA531B41F13CA390087257A /* Main.storyboard in Resources */,
			);
			runOnlyForDeploymentPostprocessing = 0;
		};
/* End PBXResourcesBuildPhase section */

/* Begin PBXSourcesBuildPhase section */
		7EA531A21F13CA390087257A /* Sources */ = {
			isa = PBXSourcesBuildPhase;
			buildActionMask = 2147483647;
			files = (
				7EA531C61F13D18F0087257A /* ViewControllerPart2.m in Sources */,
				7EA531B11F13CA390087257A /* ViewController.m in Sources */,
				7EA531AE1F13CA390087257A /* AppDelegate.m in Sources */,
				7EA531AB1F13CA390087257A /* main.m in Sources */,
			);
			runOnlyForDeploymentPostprocessing = 0;
		};
/* End PBXSourcesBuildPhase section */

/* Begin PBXVariantGroup section */
		7EA531B21F13CA390087257A /* Main.storyboard */ = {
			isa = PBXVariantGroup;
			children = (
				7EA531B31F13CA390087257A /* Base */,
			);
			name = Main.storyboard;
			sourceTree = "<group>";
		};
		7EA531B71F13CA390087257A /* LaunchScreen.storyboard */ = {
			isa = PBXVariantGroup;
			children = (
				7EA531B81F13CA390087257A /* Base */,
			);
			name = LaunchScreen.storyboard;
			sourceTree = "<group>";
		};
/* End PBXVariantGroup section */

/* Begin XCBuildConfiguration section */
		7EA531BB1F13CA390087257A /* Debug */ = {
			isa = XCBuildConfiguration;
			buildSettings = {
				ALWAYS_SEARCH_USER_PATHS = NO;
				CLANG_ANALYZER_NONNULL = YES;
				CLANG_CXX_LANGUAGE_STANDARD = "gnu++0x";
				CLANG_CXX_LIBRARY = "libc++";
				CLANG_ENABLE_MODULES = YES;
				CLANG_ENABLE_OBJC_ARC = YES;
				CLANG_WARN_BOOL_CONVERSION = YES;
				CLANG_WARN_CONSTANT_CONVERSION = YES;
				CLANG_WARN_DIRECT_OBJC_ISA_USAGE = YES_ERROR;
				CLANG_WARN_DOCUMENTATION_COMMENTS = YES;
				CLANG_WARN_EMPTY_BODY = YES;
				CLANG_WARN_ENUM_CONVERSION = YES;
				CLANG_WARN_INFINITE_RECURSION = YES;
				CLANG_WARN_INT_CONVERSION = YES;
				CLANG_WARN_OBJC_ROOT_CLASS = YES_ERROR;
				CLANG_WARN_SUSPICIOUS_MOVES = YES;
				CLANG_WARN_UNREACHABLE_CODE = YES;
				CLANG_WARN__DUPLICATE_METHOD_MATCH = YES;
				"CODE_SIGN_IDENTITY[sdk=iphoneos*]" = "iPhone Developer";
				COPY_PHASE_STRIP = NO;
				DEBUG_INFORMATION_FORMAT = dwarf;
				ENABLE_STRICT_OBJC_MSGSEND = YES;
				ENABLE_TESTABILITY = YES;
				GCC_C_LANGUAGE_STANDARD = gnu99;
				GCC_DYNAMIC_NO_PIC = NO;
				GCC_NO_COMMON_BLOCKS = YES;
				GCC_OPTIMIZATION_LEVEL = 0;
				GCC_PREPROCESSOR_DEFINITIONS = (
					"DEBUG=1",
					"$(inherited)",
				);
				GCC_WARN_64_TO_32_BIT_CONVERSION = YES;
				GCC_WARN_ABOUT_RETURN_TYPE = YES_ERROR;
				GCC_WARN_UNDECLARED_SELECTOR = YES;
				GCC_WARN_UNINITIALIZED_AUTOS = YES_AGGRESSIVE;
				GCC_WARN_UNUSED_FUNCTION = YES;
				GCC_WARN_UNUSED_VARIABLE = YES;
				IPHONEOS_DEPLOYMENT_TARGET = 10.1;
				MTL_ENABLE_DEBUG_INFO = YES;
				ONLY_ACTIVE_ARCH = YES;
				SDKROOT = iphoneos;
			};
			name = Debug;
		};
		7EA531BC1F13CA390087257A /* Release */ = {
			isa = XCBuildConfiguration;
			buildSettings = {
				ALWAYS_SEARCH_USER_PATHS = NO;
				CLANG_ANALYZER_NONNULL = YES;
				CLANG_CXX_LANGUAGE_STANDARD = "gnu++0x";
				CLANG_CXX_LIBRARY = "libc++";
				CLANG_ENABLE_MODULES = YES;
				CLANG_ENABLE_OBJC_ARC = YES;
				CLANG_WARN_BOOL_CONVERSION = YES;
				CLANG_WARN_CONSTANT_CONVERSION = YES;
				CLANG_WARN_DIRECT_OBJC_ISA_USAGE = YES_ERROR;
				CLANG_WARN_DOCUMENTATION_COMMENTS = YES;
				CLANG_WARN_EMPTY_BODY = YES;
				CLANG_WARN_ENUM_CONVERSION = YES;
				CLANG_WARN_INFINITE_RECURSION = YES;
				CLANG_WARN_INT_CONVERSION = YES;
				CLANG_WARN_OBJC_ROOT_CLASS = YES_ERROR;
				CLANG_WARN_SUSPICIOUS_MOVES = YES;
				CLANG_WARN_UNREACHABLE_CODE = YES;
				CLANG_WARN__DUPLICATE_METHOD_MATCH = YES;
				"CODE_SIGN_IDENTITY[sdk=iphoneos*]" = "iPhone Developer";
				COPY_PHASE_STRIP = NO;
				DEBUG_INFORMATION_FORMAT = "dwarf-with-dsym";
				ENABLE_NS_ASSERTIONS = NO;
				ENABLE_STRICT_OBJC_MSGSEND = YES;
				GCC_C_LANGUAGE_STANDARD = gnu99;
				GCC_NO_COMMON_BLOCKS = YES;
				GCC_WARN_64_TO_32_BIT_CONVERSION = YES;
				GCC_WARN_ABOUT_RETURN_TYPE = YES_ERROR;
				GCC_WARN_UNDECLARED_SELECTOR = YES;
				GCC_WARN_UNINITIALIZED_AUTOS = YES_AGGRESSIVE;
				GCC_WARN_UNUSED_FUNCTION = YES;
				GCC_WARN_UNUSED_VARIABLE = YES;
				IPHONEOS_DEPLOYMENT_TARGET = 10.1;
				MTL_ENABLE_DEBUG_INFO = NO;
				SDKROOT = iphoneos;
				VALIDATE_PRODUCT = YES;
			};
			name = Release;
		};
		7EA531BE1F13CA390087257A /* Debug */ = {
			isa = XCBuildConfiguration;
			buildSettings = {
				ASSETCATALOG_COMPILER_APPICON_NAME = AppIcon;
				INFOPLIST_FILE = "ScrollView Image Galleries/Info.plist";
				LD_RUNPATH_SEARCH_PATHS = "$(inherited) @executable_path/Frameworks";
				PRODUCT_BUNDLE_IDENTIFIER = "com.cplayground.ScrollView-Image-Galleries";
				PRODUCT_NAME = "$(TARGET_NAME)";
			};
			name = Debug;
		};
		7EA531BF1F13CA390087257A /* Release */ = {
			isa = XCBuildConfiguration;
			buildSettings = {
				ASSETCATALOG_COMPILER_APPICON_NAME = AppIcon;
				INFOPLIST_FILE = "ScrollView Image Galleries/Info.plist";
				LD_RUNPATH_SEARCH_PATHS = "$(inherited) @executable_path/Frameworks";
				PRODUCT_BUNDLE_IDENTIFIER = "com.cplayground.ScrollView-Image-Galleries";
				PRODUCT_NAME = "$(TARGET_NAME)";
			};
			name = Release;
		};
/* End XCBuildConfiguration section */

/* Begin XCConfigurationList section */
		7EA531A11F13CA390087257A /* Build configuration list for PBXProject "ScrollView Image Galleries" */ = {
			isa = XCConfigurationList;
			buildConfigurations = (
				7EA531BB1F13CA390087257A /* Debug */,
				7EA531BC1F13CA390087257A /* Release */,
			);
			defaultConfigurationIsVisible = 0;
			defaultConfigurationName = Release;
		};
		7EA531BD1F13CA390087257A /* Build configuration list for PBXNativeTarget "ScrollView Image Galleries" */ = {
			isa = XCConfigurationList;
			buildConfigurations = (
				7EA531BE1F13CA390087257A /* Debug */,
				7EA531BF1F13CA390087257A /* Release */,
			);
			defaultConfigurationIsVisible = 0;
		};
/* End XCConfigurationList section */
	};
	rootObject = 7EA5319E1F13CA390087257A /* Project object */;
}
